
Microsoft Visual Studio Solution File, Format Version 12.00
# Visual Studio 15
VisualStudioVersion = 15.0.26124.0
MinimumVisualStudioVersion = 15.0.26124.0
Project("{FAE04EC0-301F-11D3-BF4B-00C04F79EFBC}") = "Codenation.CaesarCrypto.ConsoleApp", "src\Codenation.CaesarCrypto.ConsoleApp.csproj", "{4781F641-E5D3-4C68-B1C7-B7A4488F4619}"
EndProject
Project("{FAE04EC0-301F-11D3-BF4B-00C04F79EFBC}") = "Codenation.CaesarCrypto.Tests", "test\Codenation.CaesarCrypto.Tests.csproj", "{D27F9302-AF8C-4A37-9B06-AB3DF9BD33C3}"
EndProject
Global
	GlobalSection(SolutionConfigurationPlatforms) = preSolution
		Debug|Any CPU = Debug|Any CPU
		Debug|x64 = Debug|x64
		Debug|x86 = Debug|x86
		Release|Any CPU = Release|Any CPU
		Release|x64 = Release|x64
		Release|x86 = Release|x86
	EndGlobalSection
	GlobalSection(SolutionProperties) = preSolution
		HideSolutionNode = FALSE
	EndGlobalSection
	GlobalSection(ProjectConfigurationPlatforms) = postSolution
		{4781F641-E5D3-4C68-B1C7-B7A4488F4619}.Debug|Any CPU.ActiveCfg = Debug|Any CPU
		{4781F641-E5D3-4C68-B1C7-B7A4488F4619}.Debug|Any CPU.Build.0 = Debug|Any CPU
		{4781F641-E5D3-4C68-B1C7-B7A4488F4619}.Debug|x64.ActiveCfg = Debug|Any CPU
		{4781F641-E5D3-4C68-B1C7-B7A4488F4619}.Debug|x64.Build.0 = Debug|Any CPU
		{4781F641-E5D3-4C68-B1C7-B7A4488F4619}.Debug|x86.ActiveCfg = Debug|Any CPU
		{4781F641-E5D3-4C68-B1C7-B7A4488F4619}.Debug|x86.Build.0 = Debug|Any CPU
		{4781F641-E5D3-4C68-B1C7-B7A4488F4619}.Release|Any CPU.ActiveCfg = Release|Any CPU
		{4781F641-E5D3-4C68-B1C7-B7A4488F4619}.Release|Any CPU.Build.0 = Release|Any CPU
		{4781F641-E5D3-4C68-B1C7-B7A4488F4619}.Release|x64.ActiveCfg = Release|Any CPU
		{4781F641-E5D3-4C68-B1C7-B7A4488F4619}.Release|x64.Build.0 = Release|Any CPU
		{4781F641-E5D3-4C68-B1C7-B7A4488F4619}.Release|x86.ActiveCfg = Release|Any CPU
		{4781F641-E5D3-4C68-B1C7-B7A4488F4619}.Release|x86.Build.0 = Release|Any CPU
		{D27F9302-AF8C-4A37-9B06-AB3DF9BD33C3}.Debug|Any CPU.ActiveCfg = Debug|Any CPU
		{D27F9302-AF8C-4A37-9B06-AB3DF9BD33C3}.Debug|Any CPU.Build.0 = Debug|Any CPU
		{D27F9302-AF8C-4A37-9B06-AB3DF9BD33C3}.Debug|x64.ActiveCfg = Debug|Any CPU
		{D27F9302-AF8C-4A37-9B06-AB3DF9BD33C3}.Debug|x64.Build.0 = Debug|Any CPU
		{D27F9302-AF8C-4A37-9B06-AB3DF9BD33C3}.Debug|x86.ActiveCfg = Debug|Any CPU
		{D27F9302-AF8C-4A37-9B06-AB3DF9BD33C3}.Debug|x86.Build.0 = Debug|Any CPU
		{D27F9302-AF8C-4A37-9B06-AB3DF9BD33C3}.Release|Any CPU.ActiveCfg = Release|Any CPU
		{D27F9302-AF8C-4A37-9B06-AB3DF9BD33C3}.Release|Any CPU.Build.0 = Release|Any CPU
		{D27F9302-AF8C-4A37-9B06-AB3DF9BD33C3}.Release|x64.ActiveCfg = Release|Any CPU
		{D27F9302-AF8C-4A37-9B06-AB3DF9BD33C3}.Release|x64.Build.0 = Release|Any CPU
		{D27F9302-AF8C-4A37-9B06-AB3DF9BD33C3}.Release|x86.ActiveCfg = Release|Any CPU
		{D27F9302-AF8C-4A37-9B06-AB3DF9BD33C3}.Release|x86.Build.0 = Release|Any CPU
	EndGlobalSection
EndGlobal
